PODS:
  - AFNetworking (4.0.1):
    - AFNetworking/NSURLSession (= 4.0.1)
    - AFNetworking/Reachability (= 4.0.1)
    - AFNetworking/Security (= 4.0.1)
    - AFNetworking/Serialization (= 4.0.1)
    - AFNetworking/UIKit (= 4.0.1)
  - AFNetworking/NSURLSession (4.0.1):
    - AFNetworking/Reachability
    - AFNetworking/Security
    - AFNetworking/Serialization
  - AFNetworking/Reachability (4.0.1)
  - AFNetworking/Security (4.0.1)
  - AFNetworking/Serialization (4.0.1)
  - AFNetworking/UIKit (4.0.1):
    - AFNetworking/NSURLSession
  - Bifrost (1.0.0)
  - Community (0.1.0):
    - XAIModulesLibs
  - DataService (0.1.0):
    - XAIPackagesLibs
  - Home (0.1.0):
    - XAIModulesLibs
  - Login (0.1.0):
    - XAIModulesLibs
  - Mall (0.1.0):
    - XAIModulesLibs
  - Masonry (1.1.0)
  - User (0.1.0):
    - XAIModulesLibs
  - XAIMediator (0.1.0)
  - XAIModulesLibs (0.1.0):
    - Bifrost
    - Masonry
    - XAIMediator
  - XAIPackagesLibs (0.1.0):
    - AFNetworking

DEPENDENCIES:
  - Bifrost (from `../../zz_ios_packages/Bifrost/`)
  - Community (from `../../zz_x_ai_modules/Community/`)
  - DataService (from `../../zz_x_ai_packages/DataService/`)
  - Home (from `../../zz_x_ai_modules/Home/`)
  - Login (from `../../zz_x_ai_modules/Login/`)
  - Mall (from `../../zz_x_ai_modules/Mall/`)
  - User (from `../../zz_x_ai_modules/User/`)
  - XAIMediator (from `../../zz_x_ai_packages/XAIMediator/`)
  - XAIModulesLibs (from `../../zz_x_ai_modules/`)
  - XAIPackagesLibs (from `../../zz_x_ai_packages/`)

SPEC REPOS:
  trunk:
    - AFNetworking
    - Masonry

EXTERNAL SOURCES:
  Bifrost:
    :path: "../../zz_ios_packages/Bifrost/"
  Community:
    :path: "../../zz_x_ai_modules/Community/"
  DataService:
    :path: "../../zz_x_ai_packages/DataService/"
  Home:
    :path: "../../zz_x_ai_modules/Home/"
  Login:
    :path: "../../zz_x_ai_modules/Login/"
  Mall:
    :path: "../../zz_x_ai_modules/Mall/"
  User:
    :path: "../../zz_x_ai_modules/User/"
  XAIMediator:
    :path: "../../zz_x_ai_packages/XAIMediator/"
  XAIModulesLibs:
    :path: "../../zz_x_ai_modules/"
  XAIPackagesLibs:
    :path: "../../zz_x_ai_packages/"

SPEC CHECKSUMS:
  AFNetworking: 3bd23d814e976cd148d7d44c3ab78017b744cd58
  Bifrost: 5514460d66d916822baf7a222baee88bfe230e8a
  Community: 8362ebbb3a57ea69ecfda37fbffff1f1c2e334dd
  DataService: 6c63aeae6e0894e38c58776d753e5798817c76ce
  Home: 23fb6d7e28c1c0b6230f28f366fd3f396f18d933
  Login: 069ea04bb67e39ba9cc1631a7b662ed7da01bdb9
  Mall: 63740110274148568a3e5839d3d170e847b9078e
  Masonry: 678fab65091a9290e40e2832a55e7ab731aad201
  User: b05550d96d5a40fe33682148b533bc8469833af1
  XAIMediator: ef6d46d42d4e72a482ef3c9f9734f7bb43300b1f
  XAIModulesLibs: b18450e448db1b08e715edf3fb39fb043c0c1b29
  XAIPackagesLibs: 44aa16b488383755db2808d685e2e9d2821342f8

PODFILE CHECKSUM: bff076e5b85ad9e7f32baeabbfdbd26a5003c4cb

COCOAPODS: 1.16.2
