PODS:
  - AFNetworking (4.0.1):
    - AFNetworking/NSURLSession (= 4.0.1)
    - AFNetworking/Reachability (= 4.0.1)
    - AFNetworking/Security (= 4.0.1)
    - AFNetworking/Serialization (= 4.0.1)
    - AFNetworking/UIKit (= 4.0.1)
  - AFNetworking/NSURLSession (4.0.1):
    - AFNetworking/Reachability
    - AFNetworking/Security
    - AFNetworking/Serialization
  - AFNetworking/Reachability (4.0.1)
  - AFNetworking/Security (4.0.1)
  - AFNetworking/Serialization (4.0.1)
  - AFNetworking/UIKit (4.0.1):
    - AFNetworking/NSURLSession
  - DataService (0.1.0):
    - XAIPackagesLibs
  - XAIPackagesLibs (0.1.0):
    - AFNetworking

DEPENDENCIES:
  - DataService (from `../`)
  - XAIPackagesLibs (from `../../`)

SPEC REPOS:
  trunk:
    - AFNetworking

EXTERNAL SOURCES:
  DataService:
    :path: "../"
  XAIPackagesLibs:
    :path: "../../"

SPEC CHECKSUMS:
  AFNetworking: 3bd23d814e976cd148d7d44c3ab78017b744cd58
  DataService: 6c63aeae6e0894e38c58776d753e5798817c76ce
  XAIPackagesLibs: 44aa16b488383755db2808d685e2e9d2821342f8

PODFILE CHECKSUM: bb78ee40ca1ee28f9c9020d8da8e8db2817836cd

COCOAPODS: 1.16.2
